// !$*UTF8*$!
{
	archiveVersion = 1;
	classes = {
	};
	objectVersion = 56;
	objects = {

/* Begin PBXBuildFile section */
		124F98CB2A27B2F8007F9FF0 /* ListItem.swift in Sources */ = {isa = PBXBuildFile; fileRef = 124F98CA2A27B2F8007F9FF0 /* ListItem.swift */; };
		124F98CD2A27B53F007F9FF0 /* ListItemData.swift in Sources */ = {isa = PBXBuildFile; fileRef = 124F98CC2A27B53F007F9FF0 /* ListItemData.swift */; };
		124F98D12A27B5D3007F9FF0 /* ListItemRow.swift in Sources */ = {isa = PBXBuildFile; fileRef = 124F98D02A27B5D3007F9FF0 /* ListItemRow.swift */; };
		12CAC5192A2378D9005E2B40 /* FrontEndApp.swift in Sources */ = {isa = PBXBuildFile; fileRef = 12CAC5182A2378D9005E2B40 /* FrontEndApp.swift */; };
		12CAC51B2A2378D9005E2B40 /* ContentView.swift in Sources */ = {isa = PBXBuildFile; fileRef = 12CAC51A2A2378D9005E2B40 /* ContentView.swift */; };
		12CAC51D2A2378DA005E2B40 /* Assets.xcassets in Resources */ = {isa = PBXBuildFile; fileRef = 12CAC51C2A2378DA005E2B40 /* Assets.xcassets */; };
		12CAC5212A2378DA005E2B40 /* Preview Assets.xcassets in Resources */ = {isa = PBXBuildFile; fileRef = 12CAC5202A2378DA005E2B40 /* Preview Assets.xcassets */; };
		12CAC52B2A2378DA005E2B40 /* FrontEndTests.swift in Sources */ = {isa = PBXBuildFile; fileRef = 12CAC52A2A2378DA005E2B40 /* FrontEndTests.swift */; };
		12CAC5352A2378DA005E2B40 /* FrontEndUITests.swift in Sources */ = {isa = PBXBuildFile; fileRef = 12CAC5342A2378DA005E2B40 /* FrontEndUITests.swift */; };
		12CAC5372A2378DA005E2B40 /* FrontEndUITestsLaunchTests.swift in Sources */ = {isa = PBXBuildFile; fileRef = 12CAC5362A2378DA005E2B40 /* FrontEndUITestsLaunchTests.swift */; };
/* End PBXBuildFile section */

/* Begin PBXContainerItemProxy section */
		12CAC5272A2378DA005E2B40 /* PBXContainerItemProxy */ = {
			isa = PBXContainerItemProxy;
			containerPortal = 12CAC50D2A2378D9005E2B40 /* Project object */;
			proxyType = 1;
			remoteGlobalIDString = 12CAC5142A2378D9005E2B40;
			remoteInfo = FrontEnd;
		};
		12CAC5312A2378DA005E2B40 /* PBXContainerItemProxy */ = {
			isa = PBXContainerItemProxy;
			containerPortal = 12CAC50D2A2378D9005E2B40 /* Project object */;
			proxyType = 1;
			remoteGlobalIDString = 12CAC5142A2378D9005E2B40;
			remoteInfo = FrontEnd;
		};
/* End PBXContainerItemProxy section */

/* Begin PBXFileReference section */
		124F98CA2A27B2F8007F9FF0 /* ListItem.swift */ = {isa = PBXFileReference; lastKnownFileType = sourcecode.swift; path = ListItem.swift; sourceTree = "<group>"; };
		124F98CC2A27B53F007F9FF0 /* ListItemData.swift */ = {isa = PBXFileReference; lastKnownFileType = sourcecode.swift; path = ListItemData.swift; sourceTree = "<group>"; };
		124F98D02A27B5D3007F9FF0 /* ListItemRow.swift */ = {isa = PBXFileReference; lastKnownFileType = sourcecode.swift; path = ListItemRow.swift; sourceTree = "<group>"; };
		12CAC5152A2378D9005E2B40 /* FrontEnd.app */ = {isa = PBXFileReference; explicitFileType = wrapper.application; includeInIndex = 0; path = FrontEnd.app; sourceTree = BUILT_PRODUCTS_DIR; };
		12CAC5182A2378D9005E2B40 /* FrontEndApp.swift */ = {isa = PBXFileReference; lastKnownFileType = sourcecode.swift; path = FrontEndApp.swift; sourceTree = "<group>"; };
		12CAC51A2A2378D9005E2B40 /* ContentView.swift */ = {isa = PBXFileReference; lastKnownFileType = sourcecode.swift; path = ContentView.swift; sourceTree = "<group>"; };
		12CAC51C2A2378DA005E2B40 /* Assets.xcassets */ = {isa = PBXFileReference; lastKnownFileType = folder.assetcatalog; path = Assets.xcassets; sourceTree = "<group>"; };
		12CAC51E2A2378DA005E2B40 /* FrontEnd.entitlements */ = {isa = PBXFileReference; lastKnownFileType = text.plist.entitlements; path = FrontEnd.entitlements; sourceTree = "<group>"; };
		12CAC5202A2378DA005E2B40 /* Preview Assets.xcassets */ = {isa = PBXFileReference; lastKnownFileType = folder.assetcatalog; path = "Preview Assets.xcassets"; sourceTree = "<group>"; };
		12CAC5262A2378DA005E2B40 /* FrontEndTests.xctest */ = {isa = PBXFileReference; explicitFileType = wrapper.cfbundle; includeInIndex = 0; path = FrontEndTests.xctest; sourceTree = BUILT_PRODUCTS_DIR; };
		12CAC52A2A2378DA005E2B40 /* FrontEndTests.swift */ = {isa = PBXFileReference; lastKnownFileType = sourcecode.swift; path = FrontEndTests.swift; sourceTree = "<group>"; };
		12CAC5302A2378DA005E2B40 /* FrontEndUITests.xctest */ = {isa = PBXFileReference; explicitFileType = wrapper.cfbundle; includeInIndex = 0; path = FrontEndUITests.xctest; sourceTree = BUILT_PRODUCTS_DIR; };
		12CAC5342A2378DA005E2B40 /* FrontEndUITests.swift */ = {isa = PBXFileReference; lastKnownFileType = sourcecode.swift; path = FrontEndUITests.swift; sourceTree = "<group>"; };
		12CAC5362A2378DA005E2B40 /* FrontEndUITestsLaunchTests.swift */ = {isa = PBXFileReference; lastKnownFileType = sourcecode.swift; path = FrontEndUITestsLaunchTests.swift; sourceTree = "<group>"; };
/* End PBXFileReference section */

/* Begin PBXFrameworksBuildPhase section */
		12CAC5122A2378D9005E2B40 /* Frameworks */ = {
			isa = PBXFrameworksBuildPhase;
			buildActionMask = 2147483647;
			files = (
			);
			runOnlyForDeploymentPostprocessing = 0;
		};
		12CAC5232A2378DA005E2B40 /* Frameworks */ = {
			isa = PBXFrameworksBuildPhase;
			buildActionMask = 2147483647;
			files = (
			);
			runOnlyForDeploymentPostprocessing = 0;
		};
		12CAC52D2A2378DA005E2B40 /* Frameworks */ = {
			isa = PBXFrameworksBuildPhase;
			buildActionMask = 2147483647;
			files = (
			);
			runOnlyForDeploymentPostprocessing = 0;
		};
/* End PBXFrameworksBuildPhase section */

/* Begin PBXGroup section */
		124F98CE2A27B58B007F9FF0 /* Model */ = {
			isa = PBXGroup;
			children = (
				124F98CA2A27B2F8007F9FF0 /* ListItem.swift */,
				124F98CC2A27B53F007F9FF0 /* ListItemData.swift */,
			);
			path = Model;
			sourceTree = "<group>";
		};
		124F98CF2A27B5B4007F9FF0 /* Views */ = {
			isa = PBXGroup;
			children = (
				124F98D02A27B5D3007F9FF0 /* ListItemRow.swift */,
			);
			path = Views;
			sourceTree = "<group>";
		};
		12CAC50C2A2378D9005E2B40 = {
			isa = PBXGroup;
			children = (
				12CAC5172A2378D9005E2B40 /* FrontEnd */,
				12CAC5292A2378DA005E2B40 /* FrontEndTests */,
				12CAC5332A2378DA005E2B40 /* FrontEndUITests */,
				12CAC5162A2378D9005E2B40 /* Products */,
			);
			sourceTree = "<group>";
		};
		12CAC5162A2378D9005E2B40 /* Products */ = {
			isa = PBXGroup;
			children = (
				12CAC5152A2378D9005E2B40 /* FrontEnd.app */,
				12CAC5262A2378DA005E2B40 /* FrontEndTests.xctest */,
				12CAC5302A2378DA005E2B40 /* FrontEndUITests.xctest */,
			);
			name = Products;
			sourceTree = "<group>";
		};
		12CAC5172A2378D9005E2B40 /* FrontEnd */ = {
			isa = PBXGroup;
			children = (
				124F98CF2A27B5B4007F9FF0 /* Views */,
				12CAC5182A2378D9005E2B40 /* FrontEndApp.swift */,
				12CAC51A2A2378D9005E2B40 /* ContentView.swift */,
				12CAC51C2A2378DA005E2B40 /* Assets.xcassets */,
				12CAC51E2A2378DA005E2B40 /* FrontEnd.entitlements */,
				12CAC51F2A2378DA005E2B40 /* Preview Content */,
				124F98CE2A27B58B007F9FF0 /* Model */,
			);
			path = FrontEnd;
			sourceTree = "<group>";
		};
		12CAC51F2A2378DA005E2B40 /* Preview Content */ = {
			isa = PBXGroup;
			children = (
				12CAC5202A2378DA005E2B40 /* Preview Assets.xcassets */,
			);
			path = "Preview Content";
			sourceTree = "<group>";
		};
		12CAC5292A2378DA005E2B40 /* FrontEndTests */ = {
			isa = PBXGroup;
			children = (
				12CAC52A2A2378DA005E2B40 /* FrontEndTests.swift */,
			);
			path = FrontEndTests;
			sourceTree = "<group>";
		};
		12CAC5332A2378DA005E2B40 /* FrontEndUITests */ = {
			isa = PBXGroup;
			children = (
				12CAC5342A2378DA005E2B40 /* FrontEndUITests.swift */,
				12CAC5362A2378DA005E2B40 /* FrontEndUITestsLaunchTests.swift */,
			);
			path = FrontEndUITests;
			sourceTree = "<group>";
		};
/* End PBXGroup section */

/* Begin PBXNativeTarget section */
		12CAC5142A2378D9005E2B40 /* FrontEnd */ = {
			isa = PBXNativeTarget;
			buildConfigurationList = 12CAC53A2A2378DA005E2B40 /* Build configuration list for PBXNativeTarget "FrontEnd" */;
			buildPhases = (
				12CAC5112A2378D9005E2B40 /* Sources */,
				12CAC5122A2378D9005E2B40 /* Frameworks */,
				12CAC5132A2378D9005E2B40 /* Resources */,
			);
			buildRules = (
			);
			dependencies = (
			);
			name = FrontEnd;
			productName = FrontEnd;
			productReference = 12CAC5152A2378D9005E2B40 /* FrontEnd.app */;
			productType = "com.apple.product-type.application";
		};
		12CAC5252A2378DA005E2B40 /* FrontEndTests */ = {
			isa = PBXNativeTarget;
			buildConfigurationList = 12CAC53D2A2378DA005E2B40 /* Build configuration list for PBXNativeTarget "FrontEndTests" */;
			buildPhases = (
				12CAC5222A2378DA005E2B40 /* Sources */,
				12CAC5232A2378DA005E2B40 /* Frameworks */,
				12CAC5242A2378DA005E2B40 /* Resources */,
			);
			buildRules = (
			);
			dependencies = (
				12CAC5282A2378DA005E2B40 /* PBXTargetDependency */,
			);
			name = FrontEndTests;
			productName = FrontEndTests;
			productReference = 12CAC5262A2378DA005E2B40 /* FrontEndTests.xctest */;
			productType = "com.apple.product-type.bundle.unit-test";
		};
		12CAC52F2A2378DA005E2B40 /* FrontEndUITests */ = {
			isa = PBXNativeTarget;
			buildConfigurationList = 12CAC5402A2378DA005E2B40 /* Build configuration list for PBXNativeTarget "FrontEndUITests" */;
			buildPhases = (
				12CAC52C2A2378DA005E2B40 /* Sources */,
				12CAC52D2A2378DA005E2B40 /* Frameworks */,
				12CAC52E2A2378DA005E2B40 /* Resources */,
			);
			buildRules = (
			);
			dependencies = (
				12CAC5322A2378DA005E2B40 /* PBXTargetDependency */,
			);
			name = FrontEndUITests;
			productName = FrontEndUITests;
			productReference = 12CAC5302A2378DA005E2B40 /* FrontEndUITests.xctest */;
			productType = "com.apple.product-type.bundle.ui-testing";
		};
/* End PBXNativeTarget section */

/* Begin PBXProject section */
		12CAC50D2A2378D9005E2B40 /* Project object */ = {
			isa = PBXProject;
			attributes = {
				BuildIndependentTargetsInParallel = 1;
				LastSwiftUpdateCheck = 1430;
				LastUpgradeCheck = 1430;
				TargetAttributes = {
					12CAC5142A2378D9005E2B40 = {
						CreatedOnToolsVersion = 14.3;
					};
					12CAC5252A2378DA005E2B40 = {
						CreatedOnToolsVersion = 14.3;
						TestTargetID = 12CAC5142A2378D9005E2B40;
					};
					12CAC52F2A2378DA005E2B40 = {
						CreatedOnToolsVersion = 14.3;
						TestTargetID = 12CAC5142A2378D9005E2B40;
					};
				};
			};
			buildConfigurationList = 12CAC5102A2378D9005E2B40 /* Build configuration list for PBXProject "FrontEnd" */;
			compatibilityVersion = "Xcode 14.0";
			developmentRegion = en;
			hasScannedForEncodings = 0;
			knownRegions = (
				en,
				Base,
			);
			mainGroup = 12CAC50C2A2378D9005E2B40;
			productRefGroup = 12CAC5162A2378D9005E2B40 /* Products */;
			projectDirPath = "";
			projectRoot = "";
			targets = (
				12CAC5142A2378D9005E2B40 /* FrontEnd */,
				12CAC5252A2378DA005E2B40 /* FrontEndTests */,
				12CAC52F2A2378DA005E2B40 /* FrontEndUITests */,
			);
		};
/* End PBXProject section */

/* Begin PBXResourcesBuildPhase section */
		12CAC5132A2378D9005E2B40 /* Resources */ = {
			isa = PBXResourcesBuildPhase;
			buildActionMask = 2147483647;
			files = (
				12CAC5212A2378DA005E2B40 /* Preview Assets.xcassets in Resources */,
				12CAC51D2A2378DA005E2B40 /* Assets.xcassets in Resources */,
			);
			runOnlyForDeploymentPostprocessing = 0;
		};
		12CAC5242A2378DA005E2B40 /* Resources */ = {
			isa = PBXResourcesBuildPhase;
			buildActionMask = 2147483647;
			files = (
			);
			runOnlyForDeploymentPostprocessing = 0;
		};
		12CAC52E2A2378DA005E2B40 /* Resources */ = {
			isa = PBXResourcesBuildPhase;
			buildActionMask = 2147483647;
			files = (
			);
			runOnlyForDeploymentPostprocessing = 0;
		};
/* End PBXResourcesBuildPhase section */

/* Begin PBXSourcesBuildPhase section */
		12CAC5112A2378D9005E2B40 /* Sources */ = {
			isa = PBXSourcesBuildPhase;
			buildActionMask = 2147483647;
			files = (
				124F98CB2A27B2F8007F9FF0 /* ListItem.swift in Sources */,
				124F98D12A27B5D3007F9FF0 /* ListItemRow.swift in Sources */,
				12CAC51B2A2378D9005E2B40 /* ContentView.swift in Sources */,
				124F98CD2A27B53F007F9FF0 /* ListItemData.swift in Sources */,
				12CAC5192A2378D9005E2B40 /* FrontEndApp.swift in Sources */,
			);
			runOnlyForDeploymentPostprocessing = 0;
		};
		12CAC5222A2378DA005E2B40 /* Sources */ = {
			isa = PBXSourcesBuildPhase;
			buildActionMask = 2147483647;
			files = (
				12CAC52B2A2378DA005E2B40 /* FrontEndTests.swift in Sources */,
			);
			runOnlyForDeploymentPostprocessing = 0;
		};
		12CAC52C2A2378DA005E2B40 /* Sources */ = {
			isa = PBXSourcesBuildPhase;
			buildActionMask = 2147483647;
			files = (
				12CAC5372A2378DA005E2B40 /* FrontEndUITestsLaunchTests.swift in Sources */,
				12CAC5352A2378DA005E2B40 /* FrontEndUITests.swift in Sources */,
			);
			runOnlyForDeploymentPostprocessing = 0;
		};
/* End PBXSourcesBuildPhase section */

/* Begin PBXTargetDependency section */
		12CAC5282A2378DA005E2B40 /* PBXTargetDependency */ = {
			isa = PBXTargetDependency;
			target = 12CAC5142A2378D9005E2B40 /* FrontEnd */;
			targetProxy = 12CAC5272A2378DA005E2B40 /* PBXContainerItemProxy */;
		};
		12CAC5322A2378DA005E2B40 /* PBXTargetDependency */ = {
			isa = PBXTargetDependency;
			target = 12CAC5142A2378D9005E2B40 /* FrontEnd */;
			targetProxy = 12CAC5312A2378DA005E2B40 /* PBXContainerItemProxy */;
		};
/* End PBXTargetDependency section */

/* Begin XCBuildConfiguration section */
		12CAC5382A2378DA005E2B40 /* Debug */ = {
			isa = XCBuildConfiguration;
			buildSettings = {
				ALWAYS_SEARCH_USER_PATHS = NO;
				CLANG_ANALYZER_NONNULL = YES;
				CLANG_ANALYZER_NUMBER_OBJECT_CONVERSION = YES_AGGRESSIVE;
				CLANG_CXX_LANGUAGE_STANDARD = "gnu++20";
				CLANG_ENABLE_MODULES = YES;
				CLANG_ENABLE_OBJC_ARC = YES;
				CLANG_ENABLE_OBJC_WEAK = YES;
				CLANG_WARN_BLOCK_CAPTURE_AUTORELEASING = YES;
				CLANG_WARN_BOOL_CONVERSION = YES;
				CLANG_WARN_COMMA = YES;
				CLANG_WARN_CONSTANT_CONVERSION = YES;
				CLANG_WARN_DEPRECATED_OBJC_IMPLEMENTATIONS = YES;
				CLANG_WARN_DIRECT_OBJC_ISA_USAGE = YES_ERROR;
				CLANG_WARN_DOCUMENTATION_COMMENTS = YES;
				CLANG_WARN_EMPTY_BODY = YES;
				CLANG_WARN_ENUM_CONVERSION = YES;
				CLANG_WARN_INFINITE_RECURSION = YES;
				CLANG_WARN_INT_CONVERSION = YES;
				CLANG_WARN_NON_LITERAL_NULL_CONVERSION = YES;
				CLANG_WARN_OBJC_IMPLICIT_RETAIN_SELF = YES;
				CLANG_WARN_OBJC_LITERAL_CONVERSION = YES;
				CLANG_WARN_OBJC_ROOT_CLASS = YES_ERROR;
				CLANG_WARN_QUOTED_INCLUDE_IN_FRAMEWORK_HEADER = YES;
				CLANG_WARN_RANGE_LOOP_ANALYSIS = YES;
				CLANG_WARN_STRICT_PROTOTYPES = YES;
				CLANG_WARN_SUSPICIOUS_MOVE = YES;
				CLANG_WARN_UNGUARDED_AVAILABILITY = YES_AGGRESSIVE;
				CLANG_WARN_UNREACHABLE_CODE = YES;
				CLANG_WARN__DUPLICATE_METHOD_MATCH = YES;
				COPY_PHASE_STRIP = NO;
				DEBUG_INFORMATION_FORMAT = dwarf;
				ENABLE_STRICT_OBJC_MSGSEND = YES;
				ENABLE_TESTABILITY = YES;
				GCC_C_LANGUAGE_STANDARD = gnu11;
				GCC_DYNAMIC_NO_PIC = NO;
				GCC_NO_COMMON_BLOCKS = YES;
				GCC_OPTIMIZATION_LEVEL = 0;
				GCC_PREPROCESSOR_DEFINITIONS = (
					"DEBUG=1",
					"$(inherited)",
				);
				GCC_WARN_64_TO_32_BIT_CONVERSION = YES;
				GCC_WARN_ABOUT_RETURN_TYPE = YES_ERROR;
				GCC_WARN_UNDECLARED_SELECTOR = YES;
				GCC_WARN_UNINITIALIZED_AUTOS = YES_AGGRESSIVE;
				GCC_WARN_UNUSED_FUNCTION = YES;
				GCC_WARN_UNUSED_VARIABLE = YES;
				MTL_ENABLE_DEBUG_INFO = INCLUDE_SOURCE;
				MTL_FAST_MATH = YES;
				ONLY_ACTIVE_ARCH = YES;
				SWIFT_ACTIVE_COMPILATION_CONDITIONS = DEBUG;
				SWIFT_OPTIMIZATION_LEVEL = "-Onone";
			};
			name = Debug;
		};
		12CAC5392A2378DA005E2B40 /* Release */ = {
			isa = XCBuildConfiguration;
			buildSettings = {
				ALWAYS_SEARCH_USER_PATHS = NO;
				CLANG_ANALYZER_NONNULL = YES;
				CLANG_ANALYZER_NUMBER_OBJECT_CONVERSION = YES_AGGRESSIVE;
				CLANG_CXX_LANGUAGE_STANDARD = "gnu++20";
				CLANG_ENABLE_MODULES = YES;
				CLANG_ENABLE_OBJC_ARC = YES;
				CLANG_ENABLE_OBJC_WEAK = YES;
				CLANG_WARN_BLOCK_CAPTURE_AUTORELEASING = YES;
				CLANG_WARN_BOOL_CONVERSION = YES;
				CLANG_WARN_COMMA = YES;
				CLANG_WARN_CONSTANT_CONVERSION = YES;
				CLANG_WARN_DEPRECATED_OBJC_IMPLEMENTATIONS = YES;
				CLANG_WARN_DIRECT_OBJC_ISA_USAGE = YES_ERROR;
				CLANG_WARN_DOCUMENTATION_COMMENTS = YES;
				CLANG_WARN_EMPTY_BODY = YES;
				CLANG_WARN_ENUM_CONVERSION = YES;
				CLANG_WARN_INFINITE_RECURSION = YES;
				CLANG_WARN_INT_CONVERSION = YES;
				CLANG_WARN_NON_LITERAL_NULL_CONVERSION = YES;
				CLANG_WARN_OBJC_IMPLICIT_RETAIN_SELF = YES;
				CLANG_WARN_OBJC_LITERAL_CONVERSION = YES;
				CLANG_WARN_OBJC_ROOT_CLASS = YES_ERROR;
				CLANG_WARN_QUOTED_INCLUDE_IN_FRAMEWORK_HEADER = YES;
				CLANG_WARN_RANGE_LOOP_ANALYSIS = YES;
				CLANG_WARN_STRICT_PROTOTYPES = YES;
				CLANG_WARN_SUSPICIOUS_MOVE = YES;
				CLANG_WARN_UNGUARDED_AVAILABILITY = YES_AGGRESSIVE;
				CLANG_WARN_UNREACHABLE_CODE = YES;
				CLANG_WARN__DUPLICATE_METHOD_MATCH = YES;
				COPY_PHASE_STRIP = NO;
				DEBUG_INFORMATION_FORMAT = "dwarf-with-dsym";
				ENABLE_NS_ASSERTIONS = NO;
				ENABLE_STRICT_OBJC_MSGSEND = YES;
				GCC_C_LANGUAGE_STANDARD = gnu11;
				GCC_NO_COMMON_BLOCKS = YES;
				GCC_WARN_64_TO_32_BIT_CONVERSION = YES;
				GCC_WARN_ABOUT_RETURN_TYPE = YES_ERROR;
				GCC_WARN_UNDECLARED_SELECTOR = YES;
				GCC_WARN_UNINITIALIZED_AUTOS = YES_AGGRESSIVE;
				GCC_WARN_UNUSED_FUNCTION = YES;
				GCC_WARN_UNUSED_VARIABLE = YES;
				MTL_ENABLE_DEBUG_INFO = NO;
				MTL_FAST_MATH = YES;
				SWIFT_COMPILATION_MODE = wholemodule;
				SWIFT_OPTIMIZATION_LEVEL = "-O";
			};
			name = Release;
		};
		12CAC53B2A2378DA005E2B40 /* Debug */ = {
			isa = XCBuildConfiguration;
			buildSettings = {
				ASSETCATALOG_COMPILER_APPICON_NAME = AppIcon;
				ASSETCATALOG_COMPILER_GLOBAL_ACCENT_COLOR_NAME = AccentColor;
				CODE_SIGN_ENTITLEMENTS = FrontEnd/FrontEnd.entitlements;
				CODE_SIGN_STYLE = Automatic;
				CURRENT_PROJECT_VERSION = 1;
				DEVELOPMENT_ASSET_PATHS = "\"FrontEnd/Preview Content\"";
				ENABLE_PREVIEWS = YES;
				GENERATE_INFOPLIST_FILE = YES;
				"INFOPLIST_KEY_UIApplicationSceneManifest_Generation[sdk=iphoneos*]" = YES;
				"INFOPLIST_KEY_UIApplicationSceneManifest_Generation[sdk=iphonesimulator*]" = YES;
				"INFOPLIST_KEY_UIApplicationSupportsIndirectInputEvents[sdk=iphoneos*]" = YES;
				"INFOPLIST_KEY_UIApplicationSupportsIndirectInputEvents[sdk=iphonesimulator*]" = YES;
				"INFOPLIST_KEY_UILaunchScreen_Generation[sdk=iphoneos*]" = YES;
				"INFOPLIST_KEY_UILaunchScreen_Generation[sdk=iphonesimulator*]" = YES;
				"INFOPLIST_KEY_UIStatusBarStyle[sdk=iphoneos*]" = UIStatusBarStyleDefault;
				"INFOPLIST_KEY_UIStatusBarStyle[sdk=iphonesimulator*]" = UIStatusBarStyleDefault;
				INFOPLIST_KEY_UISupportedInterfaceOrientations_iPad = "UIInterfaceOrientationPortrait UIInterfaceOrientationPortraitUpsideDown UIInterfaceOrientationLandscapeLeft UIInterfaceOrientationLandscapeRight";
				INFOPLIST_KEY_UISupportedInterfaceOrientations_iPhone = "UIInterfaceOrientationPortrait UIInterfaceOrientationLandscapeLeft UIInterfaceOrientationLandscapeRight";
				IPHONEOS_DEPLOYMENT_TARGET = 16.4;
				LD_RUNPATH_SEARCH_PATHS = "@executable_path/Frameworks";
				"LD_RUNPATH_SEARCH_PATHS[sdk=macosx*]" = "@executable_path/../Frameworks";
				MACOSX_DEPLOYMENT_TARGET = 13.3;
				MARKETING_VERSION = 1.0;
				PRODUCT_BUNDLE_IDENTIFIER = windfield.FrontEnd;
				PRODUCT_NAME = "$(TARGET_NAME)";
				SDKROOT = auto;
				SUPPORTED_PLATFORMS = "iphoneos iphonesimulator macosx";
				SWIFT_EMIT_LOC_STRINGS = YES;
				SWIFT_VERSION = 5.0;
				TARGETED_DEVICE_FAMILY = "1,2";
			};
			name = Debug;
		};
		12CAC53C2A2378DA005E2B40 /* Release */ = {
			isa = XCBuildConfiguration;
			buildSettings = {
				ASSETCATALOG_COMPILER_APPICON_NAME = AppIcon;
				ASSETCATALOG_COMPILER_GLOBAL_ACCENT_COLOR_NAME = AccentColor;
				CODE_SIGN_ENTITLEMENTS = FrontEnd/FrontEnd.entitlements;
				CODE_SIGN_STYLE = Automatic;
				CURRENT_PROJECT_VERSION = 1;
				DEVELOPMENT_ASSET_PATHS = "\"FrontEnd/Preview Content\"";
				ENABLE_PREVIEWS = YES;
				GENERATE_INFOPLIST_FILE = YES;
				"INFOPLIST_KEY_UIApplicationSceneManifest_Generation[sdk=iphoneos*]" = YES;
				"INFOPLIST_KEY_UIApplicationSceneManifest_Generation[sdk=iphonesimulator*]" = YES;
				"INFOPLIST_KEY_UIApplicationSupportsIndirectInputEvents[sdk=iphoneos*]" = YES;
				"INFOPLIST_KEY_UIApplicationSupportsIndirectInputEvents[sdk=iphonesimulator*]" = YES;
				"INFOPLIST_KEY_UILaunchScreen_Generation[sdk=iphoneos*]" = YES;
				"INFOPLIST_KEY_UILaunchScreen_Generation[sdk=iphonesimulator*]" = YES;
				"INFOPLIST_KEY_UIStatusBarStyle[sdk=iphoneos*]" = UIStatusBarStyleDefault;
				"INFOPLIST_KEY_UIStatusBarStyle[sdk=iphonesimulator*]" = UIStatusBarStyleDefault;
				INFOPLIST_KEY_UISupportedInterfaceOrientations_iPad = "UIInterfaceOrientationPortrait UIInterfaceOrientationPortraitUpsideDown UIInterfaceOrientationLandscapeLeft UIInterfaceOrientationLandscapeRight";
				INFOPLIST_KEY_UISupportedInterfaceOrientations_iPhone = "UIInterfaceOrientationPortrait UIInterfaceOrientationLandscapeLeft UIInterfaceOrientationLandscapeRight";
				IPHONEOS_DEPLOYMENT_TARGET = 16.4;
				LD_RUNPATH_SEARCH_PATHS = "@executable_path/Frameworks";
				"LD_RUNPATH_SEARCH_PATHS[sdk=macosx*]" = "@executable_path/../Frameworks";
				MACOSX_DEPLOYMENT_TARGET = 13.3;
				MARKETING_VERSION = 1.0;
				PRODUCT_BUNDLE_IDENTIFIER = windfield.FrontEnd;
				PRODUCT_NAME = "$(TARGET_NAME)";
				SDKROOT = auto;
				SUPPORTED_PLATFORMS = "iphoneos iphonesimulator macosx";
				SWIFT_EMIT_LOC_STRINGS = YES;
				SWIFT_VERSION = 5.0;
				TARGETED_DEVICE_FAMILY = "1,2";
			};
			name = Release;
		};
		12CAC53E2A2378DA005E2B40 /* Debug */ = {
			isa = XCBuildConfiguration;
			buildSettings = {
				ALWAYS_EMBED_SWIFT_STANDARD_LIBRARIES = YES;
				BUNDLE_LOADER = "$(TEST_HOST)";
				CODE_SIGN_STYLE = Automatic;
				CURRENT_PROJECT_VERSION = 1;
				GENERATE_INFOPLIST_FILE = YES;
				IPHONEOS_DEPLOYMENT_TARGET = 16.4;
				MACOSX_DEPLOYMENT_TARGET = 13.3;
				MARKETING_VERSION = 1.0;
				PRODUCT_BUNDLE_IDENTIFIER = windfield.FrontEndTests;
				PRODUCT_NAME = "$(TARGET_NAME)";
				SDKROOT = auto;
				SUPPORTED_PLATFORMS = "iphoneos iphonesimulator macosx";
				SWIFT_EMIT_LOC_STRINGS = NO;
				SWIFT_VERSION = 5.0;
				TARGETED_DEVICE_FAMILY = "1,2";
				TEST_HOST = "$(BUILT_PRODUCTS_DIR)/FrontEnd.app/$(BUNDLE_EXECUTABLE_FOLDER_PATH)/FrontEnd";
			};
			name = Debug;
		};
		12CAC53F2A2378DA005E2B40 /* Release */ = {
			isa = XCBuildConfiguration;
			buildSettings = {
				ALWAYS_EMBED_SWIFT_STANDARD_LIBRARIES = YES;
				BUNDLE_LOADER = "$(TEST_HOST)";
				CODE_SIGN_STYLE = Automatic;
				CURRENT_PROJECT_VERSION = 1;
				GENERATE_INFOPLIST_FILE = YES;
				IPHONEOS_DEPLOYMENT_TARGET = 16.4;
				MACOSX_DEPLOYMENT_TARGET = 13.3;
				MARKETING_VERSION = 1.0;
				PRODUCT_BUNDLE_IDENTIFIER = windfield.FrontEndTests;
				PRODUCT_NAME = "$(TARGET_NAME)";
				SDKROOT = auto;
				SUPPORTED_PLATFORMS = "iphoneos iphonesimulator macosx";
				SWIFT_EMIT_LOC_STRINGS = NO;
				SWIFT_VERSION = 5.0;
				TARGETED_DEVICE_FAMILY = "1,2";
				TEST_HOST = "$(BUILT_PRODUCTS_DIR)/FrontEnd.app/$(BUNDLE_EXECUTABLE_FOLDER_PATH)/FrontEnd";
			};
			name = Release;
		};
		12CAC5412A2378DA005E2B40 /* Debug */ = {
			isa = XCBuildConfiguration;
			buildSettings = {
				ALWAYS_EMBED_SWIFT_STANDARD_LIBRARIES = YES;
				CODE_SIGN_STYLE = Automatic;
				CURRENT_PROJECT_VERSION = 1;
				GENERATE_INFOPLIST_FILE = YES;
				IPHONEOS_DEPLOYMENT_TARGET = 16.4;
				MACOSX_DEPLOYMENT_TARGET = 13.3;
				MARKETING_VERSION = 1.0;
				PRODUCT_BUNDLE_IDENTIFIER = windfield.FrontEndUITests;
				PRODUCT_NAME = "$(TARGET_NAME)";
				SDKROOT = auto;
				SUPPORTED_PLATFORMS = "iphoneos iphonesimulator macosx";
				SWIFT_EMIT_LOC_STRINGS = NO;
				SWIFT_VERSION = 5.0;
				TARGETED_DEVICE_FAMILY = "1,2";
				TEST_TARGET_NAME = FrontEnd;
			};
			name = Debug;
		};
		12CAC5422A2378DA005E2B40 /* Release */ = {
			isa = XCBuildConfiguration;
			buildSettings = {
				ALWAYS_EMBED_SWIFT_STANDARD_LIBRARIES = YES;
				CODE_SIGN_STYLE = Automatic;
				CURRENT_PROJECT_VERSION = 1;
				GENERATE_INFOPLIST_FILE = YES;
				IPHONEOS_DEPLOYMENT_TARGET = 16.4;
				MACOSX_DEPLOYMENT_TARGET = 13.3;
				MARKETING_VERSION = 1.0;
				PRODUCT_BUNDLE_IDENTIFIER = windfield.FrontEndUITests;
				PRODUCT_NAME = "$(TARGET_NAME)";
				SDKROOT = auto;
				SUPPORTED_PLATFORMS = "iphoneos iphonesimulator macosx";
				SWIFT_EMIT_LOC_STRINGS = NO;
				SWIFT_VERSION = 5.0;
				TARGETED_DEVICE_FAMILY = "1,2";
				TEST_TARGET_NAME = FrontEnd;
			};
			name = Release;
		};
/* End XCBuildConfiguration section */

/* Begin XCConfigurationList section */
		12CAC5102A2378D9005E2B40 /* Build configuration list for PBXProject "FrontEnd" */ = {
			isa = XCConfigurationList;
			buildConfigurations = (
				12CAC5382A2378DA005E2B40 /* Debug */,
				12CAC5392A2378DA005E2B40 /* Release */,
			);
			defaultConfigurationIsVisible = 0;
			defaultConfigurationName = Release;
		};
		12CAC53A2A2378DA005E2B40 /* Build configuration list for PBXNativeTarget "FrontEnd" */ = {
			isa = XCConfigurationList;
			buildConfigurations = (
				12CAC53B2A2378DA005E2B40 /* Debug */,
				12CAC53C2A2378DA005E2B40 /* Release */,
			);
			defaultConfigurationIsVisible = 0;
			defaultConfigurationName = Release;
		};
		12CAC53D2A2378DA005E2B40 /* Build configuration list for PBXNativeTarget "FrontEndTests" */ = {
			isa = XCConfigurationList;
			buildConfigurations = (
				12CAC53E2A2378DA005E2B40 /* Debug */,
				12CAC53F2A2378DA005E2B40 /* Release */,
			);
			defaultConfigurationIsVisible = 0;
			defaultConfigurationName = Release;
		};
		12CAC5402A2378DA005E2B40 /* Build configuration list for PBXNativeTarget "FrontEndUITests" */ = {
			isa = XCConfigurationList;
			buildConfigurations = (
				12CAC5412A2378DA005E2B40 /* Debug */,
				12CAC5422A2378DA005E2B40 /* Release */,
			);
			defaultConfigurationIsVisible = 0;
			defaultConfigurationName = Release;
		};
/* End XCConfigurationList section */
	};
	rootObject = 12CAC50D2A2378D9005E2B40 /* Project object */;
}
